github.com/nicokaiser/hugo-theme-gallery/v2 v2.3.0 h1:BzxxFyvzTGhfIQVLyztj8gwEUuIWTmDQzJs33xkog7I=
github.com/nicokaiser/hugo-theme-gallery/v2 v2.3.0/go.mod h1:o9pbetoW14OfOYJnKs4JIx8kqWu1nvR2jaORM9ziw80=
github.com/nicokaiser/hugo-theme-gallery/v2 v2.3.1 h1:SvnJVNUYyTMnKzljZ2N1Mo1Xxg1s7hEpgRymQdsxfbw=
github.com/nicokaiser/hugo-theme-gallery/v2 v2.3.1/go.mod h1:o9pbetoW14OfOYJnKs4JIx8kqWu1nvR2jaORM9ziw80=
github.com/nicokaiser/hugo-theme-gallery/v2 v2.4.0 h1:VVps0jLFowTaQWpM2/knENeQyfhSBduGYCKnZHH2nZs=
github.com/nicokaiser/hugo-theme-gallery/v2 v2.4.0/go.mod h1:o9pbetoW14OfOYJnKs4JIx8kqWu1nvR2jaORM9ziw80=
github.com/nicokaiser/hugo-theme-gallery/v2 v2.4.1 h1:+wqq7f8AKs+HWjU/y6MscRVumCCl4c9rm6N9Ih64vWY=
github.com/nicokaiser/hugo-theme-gallery/v2 v2.4.1/go.mod h1:o9pbetoW14OfOYJnKs4JIx8kqWu1nvR2jaORM9ziw80=
github.com/nicokaiser/hugo-theme-gallery/v2 v2.4.2 h1:9hDy7NEILuTKyIj3yTtR7sAs9OVNzmS1W4dJujw5c6Q=
github.com/nicokaiser/hugo-theme-gallery/v2 v2.4.2/go.mod h1:o9pbetoW14OfOYJnKs4JIx8kqWu1nvR2jaORM9ziw80=
github.com/nicokaiser/hugo-theme-gallery/v2 v2.4.3 h1:XkLrueDdUFRE5OUh9/AkAgZdWGBNKrmGrPBtrNQqv30=
github.com/nicokaiser/hugo-theme-gallery/v2 v2.4.3/go.mod h1:o9pbetoW14OfOYJnKs4JIx8kqWu1nvR2jaORM9ziw80=
github.com/nicokaiser/hugo-theme-gallery/v2 v2.4.4 h1:bTZaFqqKPsatn04eh4FCV4s9ziAU8UTuNgrD1V4h3x4=
github.com/nicokaiser/hugo-theme-gallery/v2 v2.4.4/go.mod h1:o9pbetoW14OfOYJnKs4JIx8kqWu1nvR2jaORM9ziw80=
github.com/nicokaiser/hugo-theme-gallery/v2 v2.4.5 h1:aDLgCJwaIZwDc8ahBDamr6n2lux7uMJvasAZ1qzEK9A=
github.com/nicokaiser/hugo-theme-gallery/v2 v2.4.5/go.mod h1:o9pbetoW14OfOYJnKs4JIx8kqWu1nvR2jaORM9ziw80=
github.com/nicokaiser/hugo-theme-gallery/v2 v2.4.6 h1:bRv30VeexJAcnh56nDUiHp9pAPsATpsGr8YyRAPV95U=
github.com/nicokaiser/hugo-theme-gallery/v2 v2.4.6/go.mod h1:o9pbetoW14OfOYJnKs4JIx8kqWu1nvR2jaORM9ziw80=
github.com/nicokaiser/hugo-theme-gallery/v2 v2.4.7 h1:Qg3LEVYnOtV+oKrLtfW9XuzqZYfTL3/lga/KCIKBokU=
github.com/nicokaiser/hugo-theme-gallery/v2 v2.4.7/go.mod h1:o9pbetoW14OfOYJnKs4JIx8kqWu1nvR2jaORM9ziw80=
github.com/nicokaiser/hugo-theme-gallery/v2 v2.4.8-0.20240129121702-efe67e157647 h1:NWCCRc1LdLnXryvocWHF8qA72R4ibuMQQ5Cry98ntck=
github.com/nicokaiser/hugo-theme-gallery/v2 v2.4.8-0.20240129121702-efe67e157647/go.mod h1:o9pbetoW14OfOYJnKs4JIx8kqWu1nvR2jaORM9ziw80=
github.com/nicokaiser/hugo-theme-gallery/v2 v2.4.8-0.20240129124241-d77bb9c91d6b h1:JaHORzgcdb0HC3CFbR3lItsaXSARYd3BDi44Lbc8+YM=
github.com/nicokaiser/hugo-theme-gallery/v2 v2.4.8-0.20240129124241-d77bb9c91d6b/go.mod h1:o9pbetoW14OfOYJnKs4JIx8kqWu1nvR2jaORM9ziw80=
github.com/nicokaiser/hugo-theme-gallery/v2 v2.4.8-0.20240129124525-d283183489cb h1:nn/0mTIjgh+8FNJPeu0oSQsvNS4nONGy9VQKk8Q7vQs=
github.com/nicokaiser/hugo-theme-gallery/v2 v2.4.8-0.20240129124525-d283183489cb/go.mod h1:o9pbetoW14OfOYJnKs4JIx8kqWu1nvR2jaORM9ziw80=
github.com/nicokaiser/hugo-theme-gallery/v2 v2.5.0 h1:0pSn4CLz+L6MPpgfOm8Ii8v+h+Stq8lCQCYn/E6nLsU=
github.com/nicokaiser/hugo-theme-gallery/v2 v2.5.0/go.mod h1:o9pbetoW14OfOYJnKs4JIx8kqWu1nvR2jaORM9ziw80=
