github.com/nicokaiser/hugo-theme-gallery/v2 v2.6.1-0.20240206212510-61600695f090 h1:7nwOxkoX5ZxZSLWGZY67DB35kNGYDrb4HGlwhPwMRew=
github.com/nicokaiser/hugo-theme-gallery/v2 v2.6.1-0.20240206212510-61600695f090/go.mod h1:o9pbetoW14OfOYJnKs4JIx8kqWu1nvR2jaORM9ziw80=
github.com/nicokaiser/hugo-theme-gallery/v2 v2.6.1-0.20240207083135-610dfb38e63b h1:9zvnDRm62/c2+OJwy37VTexFFcvCuTcJyNp+ZUTkZhk=
github.com/nicokaiser/hugo-theme-gallery/v2 v2.6.1-0.20240207083135-610dfb38e63b/go.mod h1:o9pbetoW14OfOYJnKs4JIx8kqWu1nvR2jaORM9ziw80=
github.com/nicokaiser/hugo-theme-gallery/v2 v2.6.1-0.20240207095321-20306ef34692 h1:LMS1Sq9Vt+m3E3g9tUhEWmOJolvVqBBqyGsOjQNTLAo=
github.com/nicokaiser/hugo-theme-gallery/v2 v2.6.1-0.20240207095321-20306ef34692/go.mod h1:o9pbetoW14OfOYJnKs4JIx8kqWu1nvR2jaORM9ziw80=
github.com/nicokaiser/hugo-theme-gallery/v2 v2.7.0 h1:WkF/DRCma5u+fuNoTkSoye+7bpjyH0NKwOUOCYsyw74=
github.com/nicokaiser/hugo-theme-gallery/v2 v2.7.0/go.mod h1:o9pbetoW14OfOYJnKs4JIx8kqWu1nvR2jaORM9ziw80=
github.com/nicokaiser/hugo-theme-gallery/v2 v2.7.1-0.20240211214221-db908d991700 h1:KPADIXtzUfy3Et4ngW+130F8jG4fyD3kw/wdByvzyv0=
github.com/nicokaiser/hugo-theme-gallery/v2 v2.7.1-0.20240211214221-db908d991700/go.mod h1:o9pbetoW14OfOYJnKs4JIx8kqWu1nvR2jaORM9ziw80=
github.com/nicokaiser/hugo-theme-gallery/v2 v2.7.1-0.20240212172456-7895521f3234 h1:Yre5zN4dPJ2ppnUemtmlTIX7mOEY9wkdcd3ssp+O+xk=
github.com/nicokaiser/hugo-theme-gallery/v2 v2.7.1-0.20240212172456-7895521f3234/go.mod h1:o9pbetoW14OfOYJnKs4JIx8kqWu1nvR2jaORM9ziw80=
github.com/nicokaiser/hugo-theme-gallery/v2 v2.7.1-0.20240212183941-3f755e8019df h1:3Fef65tLKEx8sSEKS7qHXF4oTowHwfWt4jM8gy9zMJI=
github.com/nicokaiser/hugo-theme-gallery/v2 v2.7.1-0.20240212183941-3f755e8019df/go.mod h1:o9pbetoW14OfOYJnKs4JIx8kqWu1nvR2jaORM9ziw80=
github.com/nicokaiser/hugo-theme-gallery/v2 v2.7.1-0.20240212230308-564a4daa575f h1:GLqb1EIVgJK8M6jbMMFZGfwaCXDVh2GABF2WEm/Fp+o=
github.com/nicokaiser/hugo-theme-gallery/v2 v2.7.1-0.20240212230308-564a4daa575f/go.mod h1:o9pbetoW14OfOYJnKs4JIx8kqWu1nvR2jaORM9ziw80=
github.com/nicokaiser/hugo-theme-gallery/v2 v2.7.1-0.20240213111041-1ec55e45f2b4 h1:4T1XfEjDEa01vQ3nfg8RiirZevl9oZvlu0Zp6BSFhuI=
github.com/nicokaiser/hugo-theme-gallery/v2 v2.7.1-0.20240213111041-1ec55e45f2b4/go.mod h1:o9pbetoW14OfOYJnKs4JIx8kqWu1nvR2jaORM9ziw80=
github.com/nicokaiser/hugo-theme-gallery/v2 v2.7.1-0.20240214214527-b3a674060aa2 h1:4n+MWdLMmMmfJ7HAEeoD1dYlMUtZ9UO8CT+rdhldl3E=
github.com/nicokaiser/hugo-theme-gallery/v2 v2.7.1-0.20240214214527-b3a674060aa2/go.mod h1:o9pbetoW14OfOYJnKs4JIx8kqWu1nvR2jaORM9ziw80=
