github.com/nicokaiser/hugo-theme-gallery v0.0.0-20230713075128-f000b759caf4 h1:WzVX94zwTv5J01BKzW7F+Aak/0QQwrHMucB50zyVflg=
github.com/nicokaiser/hugo-theme-gallery v0.0.0-20230713075128-f000b759caf4/go.mod h1:DKnn4hE1/Z7pKoXSr42kBiRNn1Th3RW57oYoDQIx4gM=
github.com/nicokaiser/hugo-theme-gallery v0.0.0-20230713154800-4c17cecce094 h1:pC4E8l65ZqGpWS0CMLCVAEC5M/Ih4h00FlP57PC58AE=
github.com/nicokaiser/hugo-theme-gallery v0.0.0-20230713154800-4c17cecce094/go.mod h1:DKnn4hE1/Z7pKoXSr42kBiRNn1Th3RW57oYoDQIx4gM=
github.com/nicokaiser/hugo-theme-gallery v0.0.0-20230718212040-e36d63ec4a5e h1:Z2n15z2oHoyyjjh4aOXw4OqUdmHYMJzc3Y+b23JSkIo=
github.com/nicokaiser/hugo-theme-gallery v0.0.0-20230718212040-e36d63ec4a5e/go.mod h1:DKnn4hE1/Z7pKoXSr42kBiRNn1Th3RW57oYoDQIx4gM=
